
Microsoft Visual Studio Solution File, Format Version 12.00
# Visual Studio Version 18
VisualStudioVersion = 18.4.11605.240 stable
MinimumVisualStudioVersion = 10.0.40219.1
Project("{FAE04EC0-301F-11D3-BF4B-00C04F79EFBC}") = "Barrier", "Barrier\Barrier.csproj", "{3DB99F57-E001-DD8C-2B23-761EB52EF276}"
EndProject
Project("{2150E333-8FDC-42A3-9474-1A3956D46DE8}") = "Solution Items", "Solution Items", "{C43070B5-A625-4477-B820-2D647DF6E418}"
	ProjectSection(SolutionItems) = preProject
		docker-compose.yml = docker-compose.yml
		README.md = README.md
	EndProjectSection
EndProject
Global
	GlobalSection(SolutionConfigurationPlatforms) = preSolution
		Debug|Any CPU = Debug|Any CPU
		Release|Any CPU = Release|Any CPU
	EndGlobalSection
	GlobalSection(ProjectConfigurationPlatforms) = postSolution
		{3DB99F57-E001-DD8C-2B23-761EB52EF276}.Debug|Any CPU.ActiveCfg = Debug|Any CPU
		{3DB99F57-E001-DD8C-2B23-761EB52EF276}.Debug|Any CPU.Build.0 = Debug|Any CPU
		{3DB99F57-E001-DD8C-2B23-761EB52EF276}.Release|Any CPU.ActiveCfg = Release|Any CPU
		{3DB99F57-E001-DD8C-2B23-761EB52EF276}.Release|Any CPU.Build.0 = Release|Any CPU
	EndGlobalSection
	GlobalSection(SolutionProperties) = preSolution
		HideSolutionNode = FALSE
	EndGlobalSection
	GlobalSection(ExtensibilityGlobals) = postSolution
		SolutionGuid = {F1B85B9A-4EFB-4932-80A2-8A2BDF6767B6}
	EndGlobalSection
EndGlobal
